schema: '2.0'
stages:
  prepare:
    cmd: python src/prepare.py
    outs:
    - path: dataset/data_Modif.csv
      hash: md5
      md5: f30426a8819736daf15d24364a0f56a5
      size: 255610
  training:
    cmd: python src/train.py
    deps:
    - path: dataset/data_Modif.csv
      hash: md5
      md5: f30426a8819736daf15d24364a0f56a5
      size: 255610
